
Microsoft Visual Studio Solution File, Format Version 12.00
# Visual Studio 15
VisualStudioVersion = 15.0.27004.2005
MinimumVisualStudioVersion = 10.0.40219.1
Project("{9A19103F-16F7-4668-BE54-9A1E7A4F7556}") = "HobknobClientNet", "src\HobknobClientNet.csproj", "{0ABA6365-C6BB-4596-9782-281994EB3256}"
EndProject
Project("{FAE04EC0-301F-11D3-BF4B-00C04F79EFBC}") = "HobknobClientNet.Tests", "test\HobknobClientNet.Tests.csproj", "{75F6E833-E312-40D9-AA46-22D1A90CFFDF}"
EndProject
Global
	GlobalSection(SolutionConfigurationPlatforms) = preSolution
		Debug|Any CPU = Debug|Any CPU
		Release|Any CPU = Release|Any CPU
	EndGlobalSection
	GlobalSection(ProjectConfigurationPlatforms) = postSolution
		{0ABA6365-C6BB-4596-9782-281994EB3256}.Debug|Any CPU.ActiveCfg = Debug|Any CPU
		{0ABA6365-C6BB-4596-9782-281994EB3256}.Debug|Any CPU.Build.0 = Debug|Any CPU
		{0ABA6365-C6BB-4596-9782-281994EB3256}.Release|Any CPU.ActiveCfg = Release|Any CPU
		{0ABA6365-C6BB-4596-9782-281994EB3256}.Release|Any CPU.Build.0 = Release|Any CPU
		{75F6E833-E312-40D9-AA46-22D1A90CFFDF}.Debug|Any CPU.ActiveCfg = Debug|Any CPU
		{75F6E833-E312-40D9-AA46-22D1A90CFFDF}.Debug|Any CPU.Build.0 = Debug|Any CPU
		{75F6E833-E312-40D9-AA46-22D1A90CFFDF}.Release|Any CPU.ActiveCfg = Release|Any CPU
		{75F6E833-E312-40D9-AA46-22D1A90CFFDF}.Release|Any CPU.Build.0 = Release|Any CPU
	EndGlobalSection
	GlobalSection(SolutionProperties) = preSolution
		HideSolutionNode = FALSE
	EndGlobalSection
	GlobalSection(ExtensibilityGlobals) = postSolution
		SolutionGuid = {17157140-A6EC-40CE-BB55-CFCD1580CF10}
	EndGlobalSection
EndGlobal
